
Microsoft Visual Studio Solution File, Format Version 12.00
# Visual Studio 15
VisualStudioVersion = 15.0.28307.136
MinimumVisualStudioVersion = 10.0.40219.1
Project("{FAE04EC0-301F-11D3-BF4B-00C04F79EFBC}") = "Dyandra", "Dyandra\Dyandra.csproj", "{4ACA2318-8151-4597-91E0-739C3F41E1CD}"
EndProject
Project("{FAE04EC0-301F-11D3-BF4B-00C04F79EFBC}") = "Dyandra.View", "Dyandra.View\Dyandra.View.csproj", "{649B3CFC-6051-4894-B212-F173308B2170}"
EndProject
Global
	GlobalSection(SolutionConfigurationPlatforms) = preSolution
		Debug|Any CPU = Debug|Any CPU
		Release|Any CPU = Release|Any CPU
	EndGlobalSection
	GlobalSection(ProjectConfigurationPlatforms) = postSolution
		{4ACA2318-8151-4597-91E0-739C3F41E1CD}.Debug|Any CPU.ActiveCfg = Debug|Any CPU
		{4ACA2318-8151-4597-91E0-739C3F41E1CD}.Debug|Any CPU.Build.0 = Debug|Any CPU
		{4ACA2318-8151-4597-91E0-739C3F41E1CD}.Release|Any CPU.ActiveCfg = Release|Any CPU
		{4ACA2318-8151-4597-91E0-739C3F41E1CD}.Release|Any CPU.Build.0 = Release|Any CPU
		{649B3CFC-6051-4894-B212-F173308B2170}.Debug|Any CPU.ActiveCfg = Debug|Any CPU
		{649B3CFC-6051-4894-B212-F173308B2170}.Debug|Any CPU.Build.0 = Debug|Any CPU
		{649B3CFC-6051-4894-B212-F173308B2170}.Release|Any CPU.ActiveCfg = Release|Any CPU
		{649B3CFC-6051-4894-B212-F173308B2170}.Release|Any CPU.Build.0 = Release|Any CPU
	EndGlobalSection
	GlobalSection(SolutionProperties) = preSolution
		HideSolutionNode = FALSE
	EndGlobalSection
	GlobalSection(ExtensibilityGlobals) = postSolution
		SolutionGuid = {1D808881-F8D7-4CCA-A02E-2B17B4A0730D}
	EndGlobalSection
EndGlobal
